// !$*UTF8*$!
{
	archiveVersion = 1;
	classes = {
	};
	objectVersion = 56;
	objects = {

/* Begin PBXBuildFile section */
		044268D729F05FC600032A5F /* AppDelegate.swift in Sources */ = {isa = PBXBuildFile; fileRef = 044268D629F05FC600032A5F /* AppDelegate.swift */; };
		044268D929F05FC600032A5F /* SceneDelegate.swift in Sources */ = {isa = PBXBuildFile; fileRef = 044268D829F05FC600032A5F /* SceneDelegate.swift */; };
		044268DB29F05FC600032A5F /* ViewController.swift in Sources */ = {isa = PBXBuildFile; fileRef = 044268DA29F05FC600032A5F /* ViewController.swift */; };
		044268DE29F05FC600032A5F /* Main.storyboard in Resources */ = {isa = PBXBuildFile; fileRef = 044268DC29F05FC600032A5F /* Main.storyboard */; };
		044268E029F05FC900032A5F /* Assets.xcassets in Resources */ = {isa = PBXBuildFile; fileRef = 044268DF29F05FC900032A5F /* Assets.xcassets */; };
		044268E329F05FC900032A5F /* LaunchScreen.storyboard in Resources */ = {isa = PBXBuildFile; fileRef = 044268E129F05FC900032A5F /* LaunchScreen.storyboard */; };
		044481F129FF083E0076A293 /* PlayerListViewController.swift in Sources */ = {isa = PBXBuildFile; fileRef = 044481F029FF083E0076A293 /* PlayerListViewController.swift */; };
		044481F329FF085C0076A293 /* PlayerListCollectionViewCell.swift in Sources */ = {isa = PBXBuildFile; fileRef = 044481F229FF085C0076A293 /* PlayerListCollectionViewCell.swift */; };
		044481F529FF08890076A293 /* PlayerDescriptionViewController.swift in Sources */ = {isa = PBXBuildFile; fileRef = 044481F429FF08890076A293 /* PlayerDescriptionViewController.swift */; };
		049EF6B429F85101006BBE05 /* PersonEnquiryViewController.swift in Sources */ = {isa = PBXBuildFile; fileRef = 049EF6B329F85101006BBE05 /* PersonEnquiryViewController.swift */; };
		049EF6B729F851E4006BBE05 /* PersonDetailsTableViewCell.swift in Sources */ = {isa = PBXBuildFile; fileRef = 049EF6B529F851E4006BBE05 /* PersonDetailsTableViewCell.swift */; };
		049EF6B829F851E4006BBE05 /* PersonDetailsTableViewCell.xib in Resources */ = {isa = PBXBuildFile; fileRef = 049EF6B629F851E4006BBE05 /* PersonDetailsTableViewCell.xib */; };
		049EF6BC29F85632006BBE05 /* Person.swift in Sources */ = {isa = PBXBuildFile; fileRef = 049EF6BB29F85632006BBE05 /* Person.swift */; };
		049EF6BE29F85699006BBE05 /* DataPassing.swift in Sources */ = {isa = PBXBuildFile; fileRef = 049EF6BD29F85699006BBE05 /* DataPassing.swift */; };
/* End PBXBuildFile section */

/* Begin PBXFileReference section */
		044268D329F05FC600032A5F /* TapBarNineteenPractical.app */ = {isa = PBXFileReference; explicitFileType = wrapper.application; includeInIndex = 0; path = TapBarNineteenPractical.app; sourceTree = BUILT_PRODUCTS_DIR; };
		044268D629F05FC600032A5F /* AppDelegate.swift */ = {isa = PBXFileReference; lastKnownFileType = sourcecode.swift; path = AppDelegate.swift; sourceTree = "<group>"; };
		044268D829F05FC600032A5F /* SceneDelegate.swift */ = {isa = PBXFileReference; lastKnownFileType = sourcecode.swift; path = SceneDelegate.swift; sourceTree = "<group>"; };
		044268DA29F05FC600032A5F /* ViewController.swift */ = {isa = PBXFileReference; lastKnownFileType = sourcecode.swift; path = ViewController.swift; sourceTree = "<group>"; };
		044268DD29F05FC600032A5F /* Base */ = {isa = PBXFileReference; lastKnownFileType = file.storyboard; name = Base; path = Base.lproj/Main.storyboard; sourceTree = "<group>"; };
		044268DF29F05FC900032A5F /* Assets.xcassets */ = {isa = PBXFileReference; lastKnownFileType = folder.assetcatalog; path = Assets.xcassets; sourceTree = "<group>"; };
		044268E229F05FC900032A5F /* Base */ = {isa = PBXFileReference; lastKnownFileType = file.storyboard; name = Base; path = Base.lproj/LaunchScreen.storyboard; sourceTree = "<group>"; };
		044268E429F05FC900032A5F /* Info.plist */ = {isa = PBXFileReference; lastKnownFileType = text.plist.xml; path = Info.plist; sourceTree = "<group>"; };
		044481F029FF083E0076A293 /* PlayerListViewController.swift */ = {isa = PBXFileReference; lastKnownFileType = sourcecode.swift; path = PlayerListViewController.swift; sourceTree = "<group>"; };
		044481F229FF085C0076A293 /* PlayerListCollectionViewCell.swift */ = {isa = PBXFileReference; lastKnownFileType = sourcecode.swift; path = PlayerListCollectionViewCell.swift; sourceTree = "<group>"; };
		044481F429FF08890076A293 /* PlayerDescriptionViewController.swift */ = {isa = PBXFileReference; lastKnownFileType = sourcecode.swift; path = PlayerDescriptionViewController.swift; sourceTree = "<group>"; };
		049EF6B329F85101006BBE05 /* PersonEnquiryViewController.swift */ = {isa = PBXFileReference; lastKnownFileType = sourcecode.swift; path = PersonEnquiryViewController.swift; sourceTree = "<group>"; };
		049EF6B529F851E4006BBE05 /* PersonDetailsTableViewCell.swift */ = {isa = PBXFileReference; lastKnownFileType = sourcecode.swift; path = PersonDetailsTableViewCell.swift; sourceTree = "<group>"; };
		049EF6B629F851E4006BBE05 /* PersonDetailsTableViewCell.xib */ = {isa = PBXFileReference; lastKnownFileType = file.xib; path = PersonDetailsTableViewCell.xib; sourceTree = "<group>"; };
		049EF6BB29F85632006BBE05 /* Person.swift */ = {isa = PBXFileReference; lastKnownFileType = sourcecode.swift; path = Person.swift; sourceTree = "<group>"; };
		049EF6BD29F85699006BBE05 /* DataPassing.swift */ = {isa = PBXFileReference; lastKnownFileType = sourcecode.swift; path = DataPassing.swift; sourceTree = "<group>"; };
/* End PBXFileReference section */

/* Begin PBXFrameworksBuildPhase section */
		044268D029F05FC600032A5F /* Frameworks */ = {
			isa = PBXFrameworksBuildPhase;
			buildActionMask = 2147483647;
			files = (
			);
			runOnlyForDeploymentPostprocessing = 0;
		};
/* End PBXFrameworksBuildPhase section */

/* Begin PBXGroup section */
		044268CA29F05FC600032A5F = {
			isa = PBXGroup;
			children = (
				044268D529F05FC600032A5F /* TapBarNineteenPractical */,
				044268D429F05FC600032A5F /* Products */,
			);
			sourceTree = "<group>";
		};
		044268D429F05FC600032A5F /* Products */ = {
			isa = PBXGroup;
			children = (
				044268D329F05FC600032A5F /* TapBarNineteenPractical.app */,
			);
			name = Products;
			sourceTree = "<group>";
		};
		044268D529F05FC600032A5F /* TapBarNineteenPractical */ = {
			isa = PBXGroup;
			children = (
				044268D629F05FC600032A5F /* AppDelegate.swift */,
				044268D829F05FC600032A5F /* SceneDelegate.swift */,
				044268DA29F05FC600032A5F /* ViewController.swift */,
				049EF6B329F85101006BBE05 /* PersonEnquiryViewController.swift */,
				044268DC29F05FC600032A5F /* Main.storyboard */,
				044481F029FF083E0076A293 /* PlayerListViewController.swift */,
				044481F229FF085C0076A293 /* PlayerListCollectionViewCell.swift */,
				044481F429FF08890076A293 /* PlayerDescriptionViewController.swift */,
				049EF6B529F851E4006BBE05 /* PersonDetailsTableViewCell.swift */,
				049EF6B629F851E4006BBE05 /* PersonDetailsTableViewCell.xib */,
				049EF6BB29F85632006BBE05 /* Person.swift */,
				049EF6BD29F85699006BBE05 /* DataPassing.swift */,
				044268DF29F05FC900032A5F /* Assets.xcassets */,
				044268E129F05FC900032A5F /* LaunchScreen.storyboard */,
				044268E429F05FC900032A5F /* Info.plist */,
			);
			path = TapBarNineteenPractical;
			sourceTree = "<group>";
		};
/* End PBXGroup section */

/* Begin PBXNativeTarget section */
		044268D229F05FC600032A5F /* TapBarNineteenPractical */ = {
			isa = PBXNativeTarget;
			buildConfigurationList = 044268E729F05FC900032A5F /* Build configuration list for PBXNativeTarget "TapBarNineteenPractical" */;
			buildPhases = (
				044268CF29F05FC600032A5F /* Sources */,
				044268D029F05FC600032A5F /* Frameworks */,
				044268D129F05FC600032A5F /* Resources */,
			);
			buildRules = (
			);
			dependencies = (
			);
			name = TapBarNineteenPractical;
			productName = TapBarNineteenPractical;
			productReference = 044268D329F05FC600032A5F /* TapBarNineteenPractical.app */;
			productType = "com.apple.product-type.application";
		};
/* End PBXNativeTarget section */

/* Begin PBXProject section */
		044268CB29F05FC600032A5F /* Project object */ = {
			isa = PBXProject;
			attributes = {
				BuildIndependentTargetsInParallel = 1;
				LastSwiftUpdateCheck = 1410;
				LastUpgradeCheck = 1410;
				TargetAttributes = {
					044268D229F05FC600032A5F = {
						CreatedOnToolsVersion = 14.1;
					};
				};
			};
			buildConfigurationList = 044268CE29F05FC600032A5F /* Build configuration list for PBXProject "TapBarNineteenPractical" */;
			compatibilityVersion = "Xcode 14.0";
			developmentRegion = en;
			hasScannedForEncodings = 0;
			knownRegions = (
				en,
				Base,
			);
			mainGroup = 044268CA29F05FC600032A5F;
			productRefGroup = 044268D429F05FC600032A5F /* Products */;
			projectDirPath = "";
			projectRoot = "";
			targets = (
				044268D229F05FC600032A5F /* TapBarNineteenPractical */,
			);
		};
/* End PBXProject section */

/* Begin PBXResourcesBuildPhase section */
		044268D129F05FC600032A5F /* Resources */ = {
			isa = PBXResourcesBuildPhase;
			buildActionMask = 2147483647;
			files = (
				044268E329F05FC900032A5F /* LaunchScreen.storyboard in Resources */,
				044268E029F05FC900032A5F /* Assets.xcassets in Resources */,
				044268DE29F05FC600032A5F /* Main.storyboard in Resources */,
				049EF6B829F851E4006BBE05 /* PersonDetailsTableViewCell.xib in Resources */,
			);
			runOnlyForDeploymentPostprocessing = 0;
		};
/* End PBXResourcesBuildPhase section */

/* Begin PBXSourcesBuildPhase section */
		044268CF29F05FC600032A5F /* Sources */ = {
			isa = PBXSourcesBuildPhase;
			buildActionMask = 2147483647;
			files = (
				044481F529FF08890076A293 /* PlayerDescriptionViewController.swift in Sources */,
				049EF6BC29F85632006BBE05 /* Person.swift in Sources */,
				044481F129FF083E0076A293 /* PlayerListViewController.swift in Sources */,
				049EF6B729F851E4006BBE05 /* PersonDetailsTableViewCell.swift in Sources */,
				044268DB29F05FC600032A5F /* ViewController.swift in Sources */,
				049EF6BE29F85699006BBE05 /* DataPassing.swift in Sources */,
				049EF6B429F85101006BBE05 /* PersonEnquiryViewController.swift in Sources */,
				044268D729F05FC600032A5F /* AppDelegate.swift in Sources */,
				044268D929F05FC600032A5F /* SceneDelegate.swift in Sources */,
				044481F329FF085C0076A293 /* PlayerListCollectionViewCell.swift in Sources */,
			);
			runOnlyForDeploymentPostprocessing = 0;
		};
/* End PBXSourcesBuildPhase section */

/* Begin PBXVariantGroup section */
		044268DC29F05FC600032A5F /* Main.storyboard */ = {
			isa = PBXVariantGroup;
			children = (
				044268DD29F05FC600032A5F /* Base */,
			);
			name = Main.storyboard;
			sourceTree = "<group>";
		};
		044268E129F05FC900032A5F /* LaunchScreen.storyboard */ = {
			isa = PBXVariantGroup;
			children = (
				044268E229F05FC900032A5F /* Base */,
			);
			name = LaunchScreen.storyboard;
			sourceTree = "<group>";
		};
/* End PBXVariantGroup section */

/* Begin XCBuildConfiguration section */
		044268E529F05FC900032A5F /* Debug */ = {
			isa = XCBuildConfiguration;
			buildSettings = {
				ALWAYS_SEARCH_USER_PATHS = NO;
				CLANG_ANALYZER_NONNULL = YES;
				CLANG_ANALYZER_NUMBER_OBJECT_CONVERSION = YES_AGGRESSIVE;
				CLANG_CXX_LANGUAGE_STANDARD = "gnu++20";
				CLANG_ENABLE_MODULES = YES;
				CLANG_ENABLE_OBJC_ARC = YES;
				CLANG_ENABLE_OBJC_WEAK = YES;
				CLANG_WARN_BLOCK_CAPTURE_AUTORELEASING = YES;
				CLANG_WARN_BOOL_CONVERSION = YES;
				CLANG_WARN_COMMA = YES;
				CLANG_WARN_CONSTANT_CONVERSION = YES;
				CLANG_WARN_DEPRECATED_OBJC_IMPLEMENTATIONS = YES;
				CLANG_WARN_DIRECT_OBJC_ISA_USAGE = YES_ERROR;
				CLANG_WARN_DOCUMENTATION_COMMENTS = YES;
				CLANG_WARN_EMPTY_BODY = YES;
				CLANG_WARN_ENUM_CONVERSION = YES;
				CLANG_WARN_INFINITE_RECURSION = YES;
				CLANG_WARN_INT_CONVERSION = YES;
				CLANG_WARN_NON_LITERAL_NULL_CONVERSION = YES;
				CLANG_WARN_OBJC_IMPLICIT_RETAIN_SELF = YES;
				CLANG_WARN_OBJC_LITERAL_CONVERSION = YES;
				CLANG_WARN_OBJC_ROOT_CLASS = YES_ERROR;
				CLANG_WARN_QUOTED_INCLUDE_IN_FRAMEWORK_HEADER = YES;
				CLANG_WARN_RANGE_LOOP_ANALYSIS = YES;
				CLANG_WARN_STRICT_PROTOTYPES = YES;
				CLANG_WARN_SUSPICIOUS_MOVE = YES;
				CLANG_WARN_UNGUARDED_AVAILABILITY = YES_AGGRESSIVE;
				CLANG_WARN_UNREACHABLE_CODE = YES;
				CLANG_WARN__DUPLICATE_METHOD_MATCH = YES;
				COPY_PHASE_STRIP = NO;
				DEBUG_INFORMATION_FORMAT = dwarf;
				ENABLE_STRICT_OBJC_MSGSEND = YES;
				ENABLE_TESTABILITY = YES;
				GCC_C_LANGUAGE_STANDARD = gnu11;
				GCC_DYNAMIC_NO_PIC = NO;
				GCC_NO_COMMON_BLOCKS = YES;
				GCC_OPTIMIZATION_LEVEL = 0;
				GCC_PREPROCESSOR_DEFINITIONS = (
					"DEBUG=1",
					"$(inherited)",
				);
				GCC_WARN_64_TO_32_BIT_CONVERSION = YES;
				GCC_WARN_ABOUT_RETURN_TYPE = YES_ERROR;
				GCC_WARN_UNDECLARED_SELECTOR = YES;
				GCC_WARN_UNINITIALIZED_AUTOS = YES_AGGRESSIVE;
				GCC_WARN_UNUSED_FUNCTION = YES;
				GCC_WARN_UNUSED_VARIABLE = YES;
				IPHONEOS_DEPLOYMENT_TARGET = 16.1;
				MTL_ENABLE_DEBUG_INFO = INCLUDE_SOURCE;
				MTL_FAST_MATH = YES;
				ONLY_ACTIVE_ARCH = YES;
				SDKROOT = iphoneos;
				SWIFT_ACTIVE_COMPILATION_CONDITIONS = DEBUG;
				SWIFT_OPTIMIZATION_LEVEL = "-Onone";
			};
			name = Debug;
		};
		044268E629F05FC900032A5F /* Release */ = {
			isa = XCBuildConfiguration;
			buildSettings = {
				ALWAYS_SEARCH_USER_PATHS = NO;
				CLANG_ANALYZER_NONNULL = YES;
				CLANG_ANALYZER_NUMBER_OBJECT_CONVERSION = YES_AGGRESSIVE;
				CLANG_CXX_LANGUAGE_STANDARD = "gnu++20";
				CLANG_ENABLE_MODULES = YES;
				CLANG_ENABLE_OBJC_ARC = YES;
				CLANG_ENABLE_OBJC_WEAK = YES;
				CLANG_WARN_BLOCK_CAPTURE_AUTORELEASING = YES;
				CLANG_WARN_BOOL_CONVERSION = YES;
				CLANG_WARN_COMMA = YES;
				CLANG_WARN_CONSTANT_CONVERSION = YES;
				CLANG_WARN_DEPRECATED_OBJC_IMPLEMENTATIONS = YES;
				CLANG_WARN_DIRECT_OBJC_ISA_USAGE = YES_ERROR;
				CLANG_WARN_DOCUMENTATION_COMMENTS = YES;
				CLANG_WARN_EMPTY_BODY = YES;
				CLANG_WARN_ENUM_CONVERSION = YES;
				CLANG_WARN_INFINITE_RECURSION = YES;
				CLANG_WARN_INT_CONVERSION = YES;
				CLANG_WARN_NON_LITERAL_NULL_CONVERSION = YES;
				CLANG_WARN_OBJC_IMPLICIT_RETAIN_SELF = YES;
				CLANG_WARN_OBJC_LITERAL_CONVERSION = YES;
				CLANG_WARN_OBJC_ROOT_CLASS = YES_ERROR;
				CLANG_WARN_QUOTED_INCLUDE_IN_FRAMEWORK_HEADER = YES;
				CLANG_WARN_RANGE_LOOP_ANALYSIS = YES;
				CLANG_WARN_STRICT_PROTOTYPES = YES;
				CLANG_WARN_SUSPICIOUS_MOVE = YES;
				CLANG_WARN_UNGUARDED_AVAILABILITY = YES_AGGRESSIVE;
				CLANG_WARN_UNREACHABLE_CODE = YES;
				CLANG_WARN__DUPLICATE_METHOD_MATCH = YES;
				COPY_PHASE_STRIP = NO;
				DEBUG_INFORMATION_FORMAT = "dwarf-with-dsym";
				ENABLE_NS_ASSERTIONS = NO;
				ENABLE_STRICT_OBJC_MSGSEND = YES;
				GCC_C_LANGUAGE_STANDARD = gnu11;
				GCC_NO_COMMON_BLOCKS = YES;
				GCC_WARN_64_TO_32_BIT_CONVERSION = YES;
				GCC_WARN_ABOUT_RETURN_TYPE = YES_ERROR;
				GCC_WARN_UNDECLARED_SELECTOR = YES;
				GCC_WARN_UNINITIALIZED_AUTOS = YES_AGGRESSIVE;
				GCC_WARN_UNUSED_FUNCTION = YES;
				GCC_WARN_UNUSED_VARIABLE = YES;
				IPHONEOS_DEPLOYMENT_TARGET = 16.1;
				MTL_ENABLE_DEBUG_INFO = NO;
				MTL_FAST_MATH = YES;
				SDKROOT = iphoneos;
				SWIFT_COMPILATION_MODE = wholemodule;
				SWIFT_OPTIMIZATION_LEVEL = "-O";
				VALIDATE_PRODUCT = YES;
			};
			name = Release;
		};
		044268E829F05FC900032A5F /* Debug */ = {
			isa = XCBuildConfiguration;
			buildSettings = {
				ASSETCATALOG_COMPILER_APPICON_NAME = AppIcon;
				ASSETCATALOG_COMPILER_GLOBAL_ACCENT_COLOR_NAME = AccentColor;
				CODE_SIGN_STYLE = Automatic;
				CURRENT_PROJECT_VERSION = 1;
				GENERATE_INFOPLIST_FILE = YES;
				INFOPLIST_FILE = TapBarNineteenPractical/Info.plist;
				INFOPLIST_KEY_UIApplicationSupportsIndirectInputEvents = YES;
				INFOPLIST_KEY_UILaunchStoryboardName = LaunchScreen;
				INFOPLIST_KEY_UIMainStoryboardFile = Main;
				INFOPLIST_KEY_UISupportedInterfaceOrientations_iPad = "UIInterfaceOrientationPortrait UIInterfaceOrientationPortraitUpsideDown UIInterfaceOrientationLandscapeLeft UIInterfaceOrientationLandscapeRight";
				INFOPLIST_KEY_UISupportedInterfaceOrientations_iPhone = "UIInterfaceOrientationPortrait UIInterfaceOrientationLandscapeLeft UIInterfaceOrientationLandscapeRight";
				LD_RUNPATH_SEARCH_PATHS = (
					"$(inherited)",
					"@executable_path/Frameworks",
				);
				MARKETING_VERSION = 1.0;
				PRODUCT_BUNDLE_IDENTIFIER = RutikThorat.TapBarNineteenPractical;
				PRODUCT_NAME = "$(TARGET_NAME)";
				SWIFT_EMIT_LOC_STRINGS = YES;
				SWIFT_VERSION = 5.0;
				TARGETED_DEVICE_FAMILY = "1,2";
			};
			name = Debug;
		};
		044268E929F05FC900032A5F /* Release */ = {
			isa = XCBuildConfiguration;
			buildSettings = {
				ASSETCATALOG_COMPILER_APPICON_NAME = AppIcon;
				ASSETCATALOG_COMPILER_GLOBAL_ACCENT_COLOR_NAME = AccentColor;
				CODE_SIGN_STYLE = Automatic;
				CURRENT_PROJECT_VERSION = 1;
				GENERATE_INFOPLIST_FILE = YES;
				INFOPLIST_FILE = TapBarNineteenPractical/Info.plist;
				INFOPLIST_KEY_UIApplicationSupportsIndirectInputEvents = YES;
				INFOPLIST_KEY_UILaunchStoryboardName = LaunchScreen;
				INFOPLIST_KEY_UIMainStoryboardFile = Main;
				INFOPLIST_KEY_UISupportedInterfaceOrientations_iPad = "UIInterfaceOrientationPortrait UIInterfaceOrientationPortraitUpsideDown UIInterfaceOrientationLandscapeLeft UIInterfaceOrientationLandscapeRight";
				INFOPLIST_KEY_UISupportedInterfaceOrientations_iPhone = "UIInterfaceOrientationPortrait UIInterfaceOrientationLandscapeLeft UIInterfaceOrientationLandscapeRight";
				LD_RUNPATH_SEARCH_PATHS = (
					"$(inherited)",
					"@executable_path/Frameworks",
				);
				MARKETING_VERSION = 1.0;
				PRODUCT_BUNDLE_IDENTIFIER = RutikThorat.TapBarNineteenPractical;
				PRODUCT_NAME = "$(TARGET_NAME)";
				SWIFT_EMIT_LOC_STRINGS = YES;
				SWIFT_VERSION = 5.0;
				TARGETED_DEVICE_FAMILY = "1,2";
			};
			name = Release;
		};
/* End XCBuildConfiguration section */

/* Begin XCConfigurationList section */
		044268CE29F05FC600032A5F /* Build configuration list for PBXProject "TapBarNineteenPractical" */ = {
			isa = XCConfigurationList;
			buildConfigurations = (
				044268E529F05FC900032A5F /* Debug */,
				044268E629F05FC900032A5F /* Release */,
			);
			defaultConfigurationIsVisible = 0;
			defaultConfigurationName = Release;
		};
		044268E729F05FC900032A5F /* Build configuration list for PBXNativeTarget "TapBarNineteenPractical" */ = {
			isa = XCConfigurationList;
			buildConfigurations = (
				044268E829F05FC900032A5F /* Debug */,
				044268E929F05FC900032A5F /* Release */,
			);
			defaultConfigurationIsVisible = 0;
			defaultConfigurationName = Release;
		};
/* End XCConfigurationList section */
	};
	rootObject = 044268CB29F05FC600032A5F /* Project object */;
}
